
Microsoft Visual Studio Solution File, Format Version 12.00
# Visual Studio Version 17
VisualStudioVersion = 17.13.35806.99 d17.13
MinimumVisualStudioVersion = 10.0.40219.1
Project("{FAE04EC0-301F-11D3-BF4B-00C04F79EFBC}") = "CustomersAPI", "CustomersAPI\CustomersAPI.csproj", "{8650E62C-9624-43D3-A670-022D6B8E3DDA}"
EndProject
Global
	GlobalSection(SolutionConfigurationPlatforms) = preSolution
		Debug|Any CPU = Debug|Any CPU
		Release|Any CPU = Release|Any CPU
	EndGlobalSection
	GlobalSection(ProjectConfigurationPlatforms) = postSolution
		{8650E62C-9624-43D3-A670-022D6B8E3DDA}.Debug|Any CPU.ActiveCfg = Debug|Any CPU
		{8650E62C-9624-43D3-A670-022D6B8E3DDA}.Debug|Any CPU.Build.0 = Debug|Any CPU
		{8650E62C-9624-43D3-A670-022D6B8E3DDA}.Release|Any CPU.ActiveCfg = Release|Any CPU
		{8650E62C-9624-43D3-A670-022D6B8E3DDA}.Release|Any CPU.Build.0 = Release|Any CPU
	EndGlobalSection
	GlobalSection(SolutionProperties) = preSolution
		HideSolutionNode = FALSE
	EndGlobalSection
	GlobalSection(ExtensibilityGlobals) = postSolution
		SolutionGuid = {1BE24FB3-2818-4A71-943D-A6B16A243A52}
	EndGlobalSection
EndGlobal
